// !$*UTF8*$!
{
	archiveVersion = 1;
	classes = {
	};
	objectVersion = 50;
	objects = {

/* Begin PBXBuildFile section */
		2B8D6C562C4AE719AB0CD279 /* RemoteFeedItemMapper.swift in Sources */ = {isa = PBXBuildFile; fileRef = 2B8D63820F1D6699B7C52276 /* RemoteFeedItemMapper.swift */; };
		B904BA452551A6C900FAFA5C /* EssentialFeed.framework in Frameworks */ = {isa = PBXBuildFile; fileRef = B904BA3B2551A6C900FAFA5C /* EssentialFeed.framework */; };
		B904BA5D2551A77300FAFA5C /* FeedItem.swift in Sources */ = {isa = PBXBuildFile; fileRef = B904BA5C2551A77300FAFA5C /* FeedItem.swift */; };
		B904BA612551A86300FAFA5C /* FeedLoader.swift in Sources */ = {isa = PBXBuildFile; fileRef = B904BA602551A86300FAFA5C /* FeedLoader.swift */; };
		B904BA87255289EF00FAFA5C /* RemoteFeedLoaderTests.swift in Sources */ = {isa = PBXBuildFile; fileRef = B904BA86255289EF00FAFA5C /* RemoteFeedLoaderTests.swift */; };
		B904BA9D255322D500FAFA5C /* HTTPClient.swift in Sources */ = {isa = PBXBuildFile; fileRef = B904BA9C255322D500FAFA5C /* HTTPClient.swift */; };
		B904BAA12553230C00FAFA5C /* RemoteFeedLoader.swift in Sources */ = {isa = PBXBuildFile; fileRef = B904BAA02553230C00FAFA5C /* RemoteFeedLoader.swift */; };
		B9DA8DF325551DB100E2888A /* XCTestCase+trackMemoryLeak.swift in Sources */ = {isa = PBXBuildFile; fileRef = B9EAD15825543C42005AFB8B /* XCTestCase+trackMemoryLeak.swift */; };
		B9EAD15425541E70005AFB8B /* URLSessionHTTPClientTests.swift in Sources */ = {isa = PBXBuildFile; fileRef = B9EAD15325541E70005AFB8B /* URLSessionHTTPClientTests.swift */; };
		B9EAD15925543C42005AFB8B /* XCTestCase+trackMemoryLeak.swift in Sources */ = {isa = PBXBuildFile; fileRef = B9EAD15825543C42005AFB8B /* XCTestCase+trackMemoryLeak.swift */; };
		B9EAD17B2554532F005AFB8B /* URLSessionHTTPClient.swift in Sources */ = {isa = PBXBuildFile; fileRef = B9EAD17A2554532F005AFB8B /* URLSessionHTTPClient.swift */; };
		B9EAD18F255454C6005AFB8B /* EssentialFeedAPIEndToEndTests.swift in Sources */ = {isa = PBXBuildFile; fileRef = B9EAD18E255454C6005AFB8B /* EssentialFeedAPIEndToEndTests.swift */; };
		B9EAD191255454C6005AFB8B /* EssentialFeed.framework in Frameworks */ = {isa = PBXBuildFile; fileRef = B904BA3B2551A6C900FAFA5C /* EssentialFeed.framework */; };
/* End PBXBuildFile section */

/* Begin PBXContainerItemProxy section */
		B904BA462551A6C900FAFA5C /* PBXContainerItemProxy */ = {
			isa = PBXContainerItemProxy;
			containerPortal = B904BA322551A6C900FAFA5C /* Project object */;
			proxyType = 1;
			remoteGlobalIDString = B904BA3A2551A6C900FAFA5C;
			remoteInfo = EssentialFeed;
		};
		B9EAD192255454C6005AFB8B /* PBXContainerItemProxy */ = {
			isa = PBXContainerItemProxy;
			containerPortal = B904BA322551A6C900FAFA5C /* Project object */;
			proxyType = 1;
			remoteGlobalIDString = B904BA3A2551A6C900FAFA5C;
			remoteInfo = EssentialFeed;
		};
/* End PBXContainerItemProxy section */

/* Begin PBXFileReference section */
		2B8D63820F1D6699B7C52276 /* RemoteFeedItemMapper.swift */ = {isa = PBXFileReference; fileEncoding = 4; lastKnownFileType = sourcecode.swift; path = RemoteFeedItemMapper.swift; sourceTree = "<group>"; };
		B904BA3B2551A6C900FAFA5C /* EssentialFeed.framework */ = {isa = PBXFileReference; explicitFileType = wrapper.framework; includeInIndex = 0; path = EssentialFeed.framework; sourceTree = BUILT_PRODUCTS_DIR; };
		B904BA3F2551A6C900FAFA5C /* Info.plist */ = {isa = PBXFileReference; lastKnownFileType = text.plist.xml; path = Info.plist; sourceTree = "<group>"; };
		B904BA442551A6C900FAFA5C /* EssentialFeedTests.xctest */ = {isa = PBXFileReference; explicitFileType = wrapper.cfbundle; includeInIndex = 0; path = EssentialFeedTests.xctest; sourceTree = BUILT_PRODUCTS_DIR; };
		B904BA4B2551A6C900FAFA5C /* Info.plist */ = {isa = PBXFileReference; lastKnownFileType = text.plist.xml; path = Info.plist; sourceTree = "<group>"; };
		B904BA5C2551A77300FAFA5C /* FeedItem.swift */ = {isa = PBXFileReference; lastKnownFileType = sourcecode.swift; path = FeedItem.swift; sourceTree = "<group>"; };
		B904BA602551A86300FAFA5C /* FeedLoader.swift */ = {isa = PBXFileReference; lastKnownFileType = sourcecode.swift; path = FeedLoader.swift; sourceTree = "<group>"; };
		B904BA86255289EF00FAFA5C /* RemoteFeedLoaderTests.swift */ = {isa = PBXFileReference; lastKnownFileType = sourcecode.swift; path = RemoteFeedLoaderTests.swift; sourceTree = "<group>"; };
		B904BA9C255322D500FAFA5C /* HTTPClient.swift */ = {isa = PBXFileReference; lastKnownFileType = sourcecode.swift; path = HTTPClient.swift; sourceTree = "<group>"; };
		B904BAA02553230C00FAFA5C /* RemoteFeedLoader.swift */ = {isa = PBXFileReference; lastKnownFileType = sourcecode.swift; path = RemoteFeedLoader.swift; sourceTree = "<group>"; };
		B9EAD15325541E70005AFB8B /* URLSessionHTTPClientTests.swift */ = {isa = PBXFileReference; lastKnownFileType = sourcecode.swift; path = URLSessionHTTPClientTests.swift; sourceTree = "<group>"; };
		B9EAD15825543C42005AFB8B /* XCTestCase+trackMemoryLeak.swift */ = {isa = PBXFileReference; lastKnownFileType = sourcecode.swift; path = "XCTestCase+trackMemoryLeak.swift"; sourceTree = "<group>"; };
		B9EAD17A2554532F005AFB8B /* URLSessionHTTPClient.swift */ = {isa = PBXFileReference; lastKnownFileType = sourcecode.swift; path = URLSessionHTTPClient.swift; sourceTree = "<group>"; };
		B9EAD18C255454C6005AFB8B /* EssentialFeedAPIEndToEndTests.xctest */ = {isa = PBXFileReference; explicitFileType = wrapper.cfbundle; includeInIndex = 0; path = EssentialFeedAPIEndToEndTests.xctest; sourceTree = BUILT_PRODUCTS_DIR; };
		B9EAD18E255454C6005AFB8B /* EssentialFeedAPIEndToEndTests.swift */ = {isa = PBXFileReference; lastKnownFileType = sourcecode.swift; path = EssentialFeedAPIEndToEndTests.swift; sourceTree = "<group>"; };
		B9EAD190255454C6005AFB8B /* Info.plist */ = {isa = PBXFileReference; lastKnownFileType = text.plist.xml; path = Info.plist; sourceTree = "<group>"; };
/* End PBXFileReference section */

/* Begin PBXFrameworksBuildPhase section */
		B904BA382551A6C900FAFA5C /* Frameworks */ = {
			isa = PBXFrameworksBuildPhase;
			buildActionMask = 2147483647;
			files = (
			);
			runOnlyForDeploymentPostprocessing = 0;
		};
		B904BA412551A6C900FAFA5C /* Frameworks */ = {
			isa = PBXFrameworksBuildPhase;
			buildActionMask = 2147483647;
			files = (
				B904BA452551A6C900FAFA5C /* EssentialFeed.framework in Frameworks */,
			);
			runOnlyForDeploymentPostprocessing = 0;
		};
		B9EAD189255454C6005AFB8B /* Frameworks */ = {
			isa = PBXFrameworksBuildPhase;
			buildActionMask = 2147483647;
			files = (
				B9EAD191255454C6005AFB8B /* EssentialFeed.framework in Frameworks */,
			);
			runOnlyForDeploymentPostprocessing = 0;
		};
/* End PBXFrameworksBuildPhase section */

/* Begin PBXGroup section */
		B904BA312551A6C900FAFA5C = {
			isa = PBXGroup;
			children = (
				B904BA3D2551A6C900FAFA5C /* EssentialFeed */,
				B904BA482551A6C900FAFA5C /* EssentialFeedTests */,
				B9EAD18D255454C6005AFB8B /* EssentialFeedAPIEndToEndTests */,
				B904BA3C2551A6C900FAFA5C /* Products */,
			);
			sourceTree = "<group>";
		};
		B904BA3C2551A6C900FAFA5C /* Products */ = {
			isa = PBXGroup;
			children = (
				B904BA3B2551A6C900FAFA5C /* EssentialFeed.framework */,
				B904BA442551A6C900FAFA5C /* EssentialFeedTests.xctest */,
				B9EAD18C255454C6005AFB8B /* EssentialFeedAPIEndToEndTests.xctest */,
			);
			name = Products;
			sourceTree = "<group>";
		};
		B904BA3D2551A6C900FAFA5C /* EssentialFeed */ = {
			isa = PBXGroup;
			children = (
				B904BA3F2551A6C900FAFA5C /* Info.plist */,
				B9EAD1482553A668005AFB8B /* FeedAPI */,
				B904BA5B2551A73F00FAFA5C /* FeedFeature */,
			);
			path = EssentialFeed;
			sourceTree = "<group>";
		};
		B904BA482551A6C900FAFA5C /* EssentialFeedTests */ = {
			isa = PBXGroup;
			children = (
				B904BA4B2551A6C900FAFA5C /* Info.plist */,
				B904BA85255289D900FAFA5C /* FeedAPI */,
			);
			path = EssentialFeedTests;
			sourceTree = "<group>";
		};
		B904BA5B2551A73F00FAFA5C /* FeedFeature */ = {
			isa = PBXGroup;
			children = (
				B904BA5C2551A77300FAFA5C /* FeedItem.swift */,
				B904BA602551A86300FAFA5C /* FeedLoader.swift */,
			);
			path = FeedFeature;
			sourceTree = "<group>";
		};
		B904BA85255289D900FAFA5C /* FeedAPI */ = {
			isa = PBXGroup;
			children = (
				B9EAD15725543BFF005AFB8B /* Helpers */,
				B904BA86255289EF00FAFA5C /* RemoteFeedLoaderTests.swift */,
				B9EAD15325541E70005AFB8B /* URLSessionHTTPClientTests.swift */,
			);
			path = FeedAPI;
			sourceTree = "<group>";
		};
		B9EAD1482553A668005AFB8B /* FeedAPI */ = {
			isa = PBXGroup;
			children = (
				B904BA9C255322D500FAFA5C /* HTTPClient.swift */,
				2B8D63820F1D6699B7C52276 /* RemoteFeedItemMapper.swift */,
				B904BAA02553230C00FAFA5C /* RemoteFeedLoader.swift */,
				B9EAD17A2554532F005AFB8B /* URLSessionHTTPClient.swift */,
			);
			path = FeedAPI;
			sourceTree = "<group>";
		};
		B9EAD15725543BFF005AFB8B /* Helpers */ = {
			isa = PBXGroup;
			children = (
				B9EAD15825543C42005AFB8B /* XCTestCase+trackMemoryLeak.swift */,
			);
			path = Helpers;
			sourceTree = "<group>";
		};
		B9EAD18D255454C6005AFB8B /* EssentialFeedAPIEndToEndTests */ = {
			isa = PBXGroup;
			children = (
				B9EAD190255454C6005AFB8B /* Info.plist */,
				B9EAD18E255454C6005AFB8B /* EssentialFeedAPIEndToEndTests.swift */,
			);
			path = EssentialFeedAPIEndToEndTests;
			sourceTree = "<group>";
		};
/* End PBXGroup section */

/* Begin PBXHeadersBuildPhase section */
		B904BA362551A6C900FAFA5C /* Headers */ = {
			isa = PBXHeadersBuildPhase;
			buildActionMask = 2147483647;
			files = (
			);
			runOnlyForDeploymentPostprocessing = 0;
		};
/* End PBXHeadersBuildPhase section */

/* Begin PBXNativeTarget section */
		B904BA3A2551A6C900FAFA5C /* EssentialFeed */ = {
			isa = PBXNativeTarget;
			buildConfigurationList = B904BA4F2551A6C900FAFA5C /* Build configuration list for PBXNativeTarget "EssentialFeed" */;
			buildPhases = (
				B904BA362551A6C900FAFA5C /* Headers */,
				B904BA372551A6C900FAFA5C /* Sources */,
				B904BA382551A6C900FAFA5C /* Frameworks */,
				B904BA392551A6C900FAFA5C /* Resources */,
			);
			buildRules = (
			);
			dependencies = (
			);
			name = EssentialFeed;
			productName = EssentialFeed;
			productReference = B904BA3B2551A6C900FAFA5C /* EssentialFeed.framework */;
			productType = "com.apple.product-type.framework";
		};
		B904BA432551A6C900FAFA5C /* EssentialFeedTests */ = {
			isa = PBXNativeTarget;
			buildConfigurationList = B904BA522551A6C900FAFA5C /* Build configuration list for PBXNativeTarget "EssentialFeedTests" */;
			buildPhases = (
				B904BA402551A6C900FAFA5C /* Sources */,
				B904BA412551A6C900FAFA5C /* Frameworks */,
				B904BA422551A6C900FAFA5C /* Resources */,
			);
			buildRules = (
			);
			dependencies = (
				B904BA472551A6C900FAFA5C /* PBXTargetDependency */,
			);
			name = EssentialFeedTests;
			productName = EssentialFeedTests;
			productReference = B904BA442551A6C900FAFA5C /* EssentialFeedTests.xctest */;
			productType = "com.apple.product-type.bundle.unit-test";
		};
		B9EAD18B255454C6005AFB8B /* EssentialFeedAPIEndToEndTests */ = {
			isa = PBXNativeTarget;
			buildConfigurationList = B9EAD196255454C6005AFB8B /* Build configuration list for PBXNativeTarget "EssentialFeedAPIEndToEndTests" */;
			buildPhases = (
				B9EAD188255454C6005AFB8B /* Sources */,
				B9EAD189255454C6005AFB8B /* Frameworks */,
				B9EAD18A255454C6005AFB8B /* Resources */,
			);
			buildRules = (
			);
			dependencies = (
				B9EAD193255454C6005AFB8B /* PBXTargetDependency */,
			);
			name = EssentialFeedAPIEndToEndTests;
			productName = EssentialFeedAPIEndToEndTests;
			productReference = B9EAD18C255454C6005AFB8B /* EssentialFeedAPIEndToEndTests.xctest */;
			productType = "com.apple.product-type.bundle.unit-test";
		};
/* End PBXNativeTarget section */

/* Begin PBXProject section */
		B904BA322551A6C900FAFA5C /* Project object */ = {
			isa = PBXProject;
			attributes = {
				LastSwiftUpdateCheck = 1210;
				LastUpgradeCheck = 1210;
				TargetAttributes = {
					B904BA3A2551A6C900FAFA5C = {
						CreatedOnToolsVersion = 12.1;
						LastSwiftMigration = 1210;
					};
					B904BA432551A6C900FAFA5C = {
						CreatedOnToolsVersion = 12.1;
						LastSwiftMigration = 1210;
					};
					B9EAD18B255454C6005AFB8B = {
						CreatedOnToolsVersion = 12.1;
					};
				};
			};
			buildConfigurationList = B904BA352551A6C900FAFA5C /* Build configuration list for PBXProject "EssentialFeed" */;
			compatibilityVersion = "Xcode 9.3";
			developmentRegion = en;
			hasScannedForEncodings = 0;
			knownRegions = (
				en,
				Base,
			);
			mainGroup = B904BA312551A6C900FAFA5C;
			productRefGroup = B904BA3C2551A6C900FAFA5C /* Products */;
			projectDirPath = "";
			projectRoot = "";
			targets = (
				B904BA3A2551A6C900FAFA5C /* EssentialFeed */,
				B904BA432551A6C900FAFA5C /* EssentialFeedTests */,
				B9EAD18B255454C6005AFB8B /* EssentialFeedAPIEndToEndTests */,
			);
		};
/* End PBXProject section */

/* Begin PBXResourcesBuildPhase section */
		B904BA392551A6C900FAFA5C /* Resources */ = {
			isa = PBXResourcesBuildPhase;
			buildActionMask = 2147483647;
			files = (
			);
			runOnlyForDeploymentPostprocessing = 0;
		};
		B904BA422551A6C900FAFA5C /* Resources */ = {
			isa = PBXResourcesBuildPhase;
			buildActionMask = 2147483647;
			files = (
			);
			runOnlyForDeploymentPostprocessing = 0;
		};
		B9EAD18A255454C6005AFB8B /* Resources */ = {
			isa = PBXResourcesBuildPhase;
			buildActionMask = 2147483647;
			files = (
			);
			runOnlyForDeploymentPostprocessing = 0;
		};
/* End PBXResourcesBuildPhase section */

/* Begin PBXSourcesBuildPhase section */
		B904BA372551A6C900FAFA5C /* Sources */ = {
			isa = PBXSourcesBuildPhase;
			buildActionMask = 2147483647;
			files = (
				B904BAA12553230C00FAFA5C /* RemoteFeedLoader.swift in Sources */,
				B904BA612551A86300FAFA5C /* FeedLoader.swift in Sources */,
				B904BA5D2551A77300FAFA5C /* FeedItem.swift in Sources */,
				B904BA9D255322D500FAFA5C /* HTTPClient.swift in Sources */,
				2B8D6C562C4AE719AB0CD279 /* RemoteFeedItemMapper.swift in Sources */,
				B9EAD17B2554532F005AFB8B /* URLSessionHTTPClient.swift in Sources */,
			);
			runOnlyForDeploymentPostprocessing = 0;
		};
		B904BA402551A6C900FAFA5C /* Sources */ = {
			isa = PBXSourcesBuildPhase;
			buildActionMask = 2147483647;
			files = (
				B9EAD15925543C42005AFB8B /* XCTestCase+trackMemoryLeak.swift in Sources */,
				B904BA87255289EF00FAFA5C /* RemoteFeedLoaderTests.swift in Sources */,
				B9EAD15425541E70005AFB8B /* URLSessionHTTPClientTests.swift in Sources */,
			);
			runOnlyForDeploymentPostprocessing = 0;
		};
		B9EAD188255454C6005AFB8B /* Sources */ = {
			isa = PBXSourcesBuildPhase;
			buildActionMask = 2147483647;
			files = (
				B9DA8DF325551DB100E2888A /* XCTestCase+trackMemoryLeak.swift in Sources */,
				B9EAD18F255454C6005AFB8B /* EssentialFeedAPIEndToEndTests.swift in Sources */,
			);
			runOnlyForDeploymentPostprocessing = 0;
		};
/* End PBXSourcesBuildPhase section */

/* Begin PBXTargetDependency section */
		B904BA472551A6C900FAFA5C /* PBXTargetDependency */ = {
			isa = PBXTargetDependency;
			target = B904BA3A2551A6C900FAFA5C /* EssentialFeed */;
			targetProxy = B904BA462551A6C900FAFA5C /* PBXContainerItemProxy */;
		};
		B9EAD193255454C6005AFB8B /* PBXTargetDependency */ = {
			isa = PBXTargetDependency;
			target = B904BA3A2551A6C900FAFA5C /* EssentialFeed */;
			targetProxy = B9EAD192255454C6005AFB8B /* PBXContainerItemProxy */;
		};
/* End PBXTargetDependency section */

/* Begin XCBuildConfiguration section */
		B904BA4D2551A6C900FAFA5C /* Debug */ = {
			isa = XCBuildConfiguration;
			buildSettings = {
				ALWAYS_SEARCH_USER_PATHS = NO;
				CLANG_ANALYZER_NONNULL = YES;
				CLANG_ANALYZER_NUMBER_OBJECT_CONVERSION = YES_AGGRESSIVE;
				CLANG_CXX_LANGUAGE_STANDARD = "gnu++14";
				CLANG_CXX_LIBRARY = "libc++";
				CLANG_ENABLE_MODULES = YES;
				CLANG_ENABLE_OBJC_ARC = YES;
				CLANG_ENABLE_OBJC_WEAK = YES;
				CLANG_WARN_BLOCK_CAPTURE_AUTORELEASING = YES;
				CLANG_WARN_BOOL_CONVERSION = YES;
				CLANG_WARN_COMMA = YES;
				CLANG_WARN_CONSTANT_CONVERSION = YES;
				CLANG_WARN_DEPRECATED_OBJC_IMPLEMENTATIONS = YES;
				CLANG_WARN_DIRECT_OBJC_ISA_USAGE = YES_ERROR;
				CLANG_WARN_DOCUMENTATION_COMMENTS = YES;
				CLANG_WARN_EMPTY_BODY = YES;
				CLANG_WARN_ENUM_CONVERSION = YES;
				CLANG_WARN_INFINITE_RECURSION = YES;
				CLANG_WARN_INT_CONVERSION = YES;
				CLANG_WARN_NON_LITERAL_NULL_CONVERSION = YES;
				CLANG_WARN_OBJC_IMPLICIT_RETAIN_SELF = YES;
				CLANG_WARN_OBJC_LITERAL_CONVERSION = YES;
				CLANG_WARN_OBJC_ROOT_CLASS = YES_ERROR;
				CLANG_WARN_QUOTED_INCLUDE_IN_FRAMEWORK_HEADER = YES;
				CLANG_WARN_RANGE_LOOP_ANALYSIS = YES;
				CLANG_WARN_STRICT_PROTOTYPES = YES;
				CLANG_WARN_SUSPICIOUS_MOVE = YES;
				CLANG_WARN_UNGUARDED_AVAILABILITY = YES_AGGRESSIVE;
				CLANG_WARN_UNREACHABLE_CODE = YES;
				CLANG_WARN__DUPLICATE_METHOD_MATCH = YES;
				COPY_PHASE_STRIP = NO;
				CURRENT_PROJECT_VERSION = 1;
				DEBUG_INFORMATION_FORMAT = dwarf;
				ENABLE_STRICT_OBJC_MSGSEND = YES;
				ENABLE_TESTABILITY = YES;
				GCC_C_LANGUAGE_STANDARD = gnu11;
				GCC_DYNAMIC_NO_PIC = NO;
				GCC_NO_COMMON_BLOCKS = YES;
				GCC_OPTIMIZATION_LEVEL = 0;
				GCC_PREPROCESSOR_DEFINITIONS = (
					"DEBUG=1",
					"$(inherited)",
				);
				GCC_WARN_64_TO_32_BIT_CONVERSION = YES;
				GCC_WARN_ABOUT_RETURN_TYPE = YES_ERROR;
				GCC_WARN_UNDECLARED_SELECTOR = YES;
				GCC_WARN_UNINITIALIZED_AUTOS = YES_AGGRESSIVE;
				GCC_WARN_UNUSED_FUNCTION = YES;
				GCC_WARN_UNUSED_VARIABLE = YES;
				MACOSX_DEPLOYMENT_TARGET = 10.15;
				MTL_ENABLE_DEBUG_INFO = INCLUDE_SOURCE;
				MTL_FAST_MATH = YES;
				ONLY_ACTIVE_ARCH = YES;
				SDKROOT = macosx;
				SWIFT_ACTIVE_COMPILATION_CONDITIONS = DEBUG;
				SWIFT_OPTIMIZATION_LEVEL = "-Onone";
				VERSIONING_SYSTEM = "apple-generic";
				VERSION_INFO_PREFIX = "";
			};
			name = Debug;
		};
		B904BA4E2551A6C900FAFA5C /* Release */ = {
			isa = XCBuildConfiguration;
			buildSettings = {
				ALWAYS_SEARCH_USER_PATHS = NO;
				CLANG_ANALYZER_NONNULL = YES;
				CLANG_ANALYZER_NUMBER_OBJECT_CONVERSION = YES_AGGRESSIVE;
				CLANG_CXX_LANGUAGE_STANDARD = "gnu++14";
				CLANG_CXX_LIBRARY = "libc++";
				CLANG_ENABLE_MODULES = YES;
				CLANG_ENABLE_OBJC_ARC = YES;
				CLANG_ENABLE_OBJC_WEAK = YES;
				CLANG_WARN_BLOCK_CAPTURE_AUTORELEASING = YES;
				CLANG_WARN_BOOL_CONVERSION = YES;
				CLANG_WARN_COMMA = YES;
				CLANG_WARN_CONSTANT_CONVERSION = YES;
				CLANG_WARN_DEPRECATED_OBJC_IMPLEMENTATIONS = YES;
				CLANG_WARN_DIRECT_OBJC_ISA_USAGE = YES_ERROR;
				CLANG_WARN_DOCUMENTATION_COMMENTS = YES;
				CLANG_WARN_EMPTY_BODY = YES;
				CLANG_WARN_ENUM_CONVERSION = YES;
				CLANG_WARN_INFINITE_RECURSION = YES;
				CLANG_WARN_INT_CONVERSION = YES;
				CLANG_WARN_NON_LITERAL_NULL_CONVERSION = YES;
				CLANG_WARN_OBJC_IMPLICIT_RETAIN_SELF = YES;
				CLANG_WARN_OBJC_LITERAL_CONVERSION = YES;
				CLANG_WARN_OBJC_ROOT_CLASS = YES_ERROR;
				CLANG_WARN_QUOTED_INCLUDE_IN_FRAMEWORK_HEADER = YES;
				CLANG_WARN_RANGE_LOOP_ANALYSIS = YES;
				CLANG_WARN_STRICT_PROTOTYPES = YES;
				CLANG_WARN_SUSPICIOUS_MOVE = YES;
				CLANG_WARN_UNGUARDED_AVAILABILITY = YES_AGGRESSIVE;
				CLANG_WARN_UNREACHABLE_CODE = YES;
				CLANG_WARN__DUPLICATE_METHOD_MATCH = YES;
				COPY_PHASE_STRIP = NO;
				CURRENT_PROJECT_VERSION = 1;
				DEBUG_INFORMATION_FORMAT = "dwarf-with-dsym";
				ENABLE_NS_ASSERTIONS = NO;
				ENABLE_STRICT_OBJC_MSGSEND = YES;
				GCC_C_LANGUAGE_STANDARD = gnu11;
				GCC_NO_COMMON_BLOCKS = YES;
				GCC_WARN_64_TO_32_BIT_CONVERSION = YES;
				GCC_WARN_ABOUT_RETURN_TYPE = YES_ERROR;
				GCC_WARN_UNDECLARED_SELECTOR = YES;
				GCC_WARN_UNINITIALIZED_AUTOS = YES_AGGRESSIVE;
				GCC_WARN_UNUSED_FUNCTION = YES;
				GCC_WARN_UNUSED_VARIABLE = YES;
				MACOSX_DEPLOYMENT_TARGET = 10.15;
				MTL_ENABLE_DEBUG_INFO = NO;
				MTL_FAST_MATH = YES;
				SDKROOT = macosx;
				SWIFT_COMPILATION_MODE = wholemodule;
				SWIFT_OPTIMIZATION_LEVEL = "-O";
				VERSIONING_SYSTEM = "apple-generic";
				VERSION_INFO_PREFIX = "";
			};
			name = Release;
		};
		B904BA502551A6C900FAFA5C /* Debug */ = {
			isa = XCBuildConfiguration;
			buildSettings = {
				CLANG_ENABLE_MODULES = YES;
				CODE_SIGN_STYLE = Automatic;
				COMBINE_HIDPI_IMAGES = YES;
				DEFINES_MODULE = YES;
				DEVELOPMENT_TEAM = 6BEKM885WY;
				DYLIB_COMPATIBILITY_VERSION = 1;
				DYLIB_CURRENT_VERSION = 1;
				DYLIB_INSTALL_NAME_BASE = "@rpath";
				INFOPLIST_FILE = EssentialFeed/Info.plist;
				INSTALL_PATH = "$(LOCAL_LIBRARY_DIR)/Frameworks";
				LD_RUNPATH_SEARCH_PATHS = (
					"$(inherited)",
					"@executable_path/../Frameworks",
					"@loader_path/Frameworks",
				);
				PRODUCT_BUNDLE_IDENTIFIER = com.ontheeasiestway.EssentialFeed;
				PRODUCT_NAME = "$(TARGET_NAME:c99extidentifier)";
				SKIP_INSTALL = YES;
				SWIFT_OPTIMIZATION_LEVEL = "-Onone";
				SWIFT_VERSION = 5.0;
			};
			name = Debug;
		};
		B904BA512551A6C900FAFA5C /* Release */ = {
			isa = XCBuildConfiguration;
			buildSettings = {
				CLANG_ENABLE_MODULES = YES;
				CODE_SIGN_STYLE = Automatic;
				COMBINE_HIDPI_IMAGES = YES;
				DEFINES_MODULE = YES;
				DEVELOPMENT_TEAM = 6BEKM885WY;
				DYLIB_COMPATIBILITY_VERSION = 1;
				DYLIB_CURRENT_VERSION = 1;
				DYLIB_INSTALL_NAME_BASE = "@rpath";
				INFOPLIST_FILE = EssentialFeed/Info.plist;
				INSTALL_PATH = "$(LOCAL_LIBRARY_DIR)/Frameworks";
				LD_RUNPATH_SEARCH_PATHS = (
					"$(inherited)",
					"@executable_path/../Frameworks",
					"@loader_path/Frameworks",
				);
				PRODUCT_BUNDLE_IDENTIFIER = com.ontheeasiestway.EssentialFeed;
				PRODUCT_NAME = "$(TARGET_NAME:c99extidentifier)";
				SKIP_INSTALL = YES;
				SWIFT_VERSION = 5.0;
			};
			name = Release;
		};
		B904BA532551A6C900FAFA5C /* Debug */ = {
			isa = XCBuildConfiguration;
			buildSettings = {
				ALWAYS_EMBED_SWIFT_STANDARD_LIBRARIES = YES;
				CLANG_ENABLE_MODULES = YES;
				CODE_SIGN_STYLE = Automatic;
				COMBINE_HIDPI_IMAGES = YES;
				DEVELOPMENT_TEAM = 6BEKM885WY;
				INFOPLIST_FILE = EssentialFeedTests/Info.plist;
				LD_RUNPATH_SEARCH_PATHS = (
					"$(inherited)",
					"@executable_path/../Frameworks",
					"@loader_path/../Frameworks",
				);
				PRODUCT_BUNDLE_IDENTIFIER = com.ontheeasiestway.EssentialFeedTests;
				PRODUCT_NAME = "$(TARGET_NAME)";
				SWIFT_OPTIMIZATION_LEVEL = "-Onone";
				SWIFT_VERSION = 5.0;
			};
			name = Debug;
		};
		B904BA542551A6C900FAFA5C /* Release */ = {
			isa = XCBuildConfiguration;
			buildSettings = {
				ALWAYS_EMBED_SWIFT_STANDARD_LIBRARIES = YES;
				CLANG_ENABLE_MODULES = YES;
				CODE_SIGN_STYLE = Automatic;
				COMBINE_HIDPI_IMAGES = YES;
				DEVELOPMENT_TEAM = 6BEKM885WY;
				INFOPLIST_FILE = EssentialFeedTests/Info.plist;
				LD_RUNPATH_SEARCH_PATHS = (
					"$(inherited)",
					"@executable_path/../Frameworks",
					"@loader_path/../Frameworks",
				);
				PRODUCT_BUNDLE_IDENTIFIER = com.ontheeasiestway.EssentialFeedTests;
				PRODUCT_NAME = "$(TARGET_NAME)";
				SWIFT_VERSION = 5.0;
			};
			name = Release;
		};
		B9EAD194255454C6005AFB8B /* Debug */ = {
			isa = XCBuildConfiguration;
			buildSettings = {
				CODE_SIGN_STYLE = Automatic;
				COMBINE_HIDPI_IMAGES = YES;
				DEVELOPMENT_TEAM = 6BEKM885WY;
				INFOPLIST_FILE = EssentialFeedAPIEndToEndTests/Info.plist;
				LD_RUNPATH_SEARCH_PATHS = (
					"$(inherited)",
					"@executable_path/../Frameworks",
					"@loader_path/../Frameworks",
				);
				PRODUCT_BUNDLE_IDENTIFIER = com.ontheeasiestway.EssentialFeedAPIEndToEndTests;
				PRODUCT_NAME = "$(TARGET_NAME)";
				SWIFT_VERSION = 5.0;
			};
			name = Debug;
		};
		B9EAD195255454C6005AFB8B /* Release */ = {
			isa = XCBuildConfiguration;
			buildSettings = {
				CODE_SIGN_STYLE = Automatic;
				COMBINE_HIDPI_IMAGES = YES;
				DEVELOPMENT_TEAM = 6BEKM885WY;
				INFOPLIST_FILE = EssentialFeedAPIEndToEndTests/Info.plist;
				LD_RUNPATH_SEARCH_PATHS = (
					"$(inherited)",
					"@executable_path/../Frameworks",
					"@loader_path/../Frameworks",
				);
				PRODUCT_BUNDLE_IDENTIFIER = com.ontheeasiestway.EssentialFeedAPIEndToEndTests;
				PRODUCT_NAME = "$(TARGET_NAME)";
				SWIFT_VERSION = 5.0;
			};
			name = Release;
		};
/* End XCBuildConfiguration section */

/* Begin XCConfigurationList section */
		B904BA352551A6C900FAFA5C /* Build configuration list for PBXProject "EssentialFeed" */ = {
			isa = XCConfigurationList;
			buildConfigurations = (
				B904BA4D2551A6C900FAFA5C /* Debug */,
				B904BA4E2551A6C900FAFA5C /* Release */,
			);
			defaultConfigurationIsVisible = 0;
			defaultConfigurationName = Release;
		};
		B904BA4F2551A6C900FAFA5C /* Build configuration list for PBXNativeTarget "EssentialFeed" */ = {
			isa = XCConfigurationList;
			buildConfigurations = (
				B904BA502551A6C900FAFA5C /* Debug */,
				B904BA512551A6C900FAFA5C /* Release */,
			);
			defaultConfigurationIsVisible = 0;
			defaultConfigurationName = Release;
		};
		B904BA522551A6C900FAFA5C /* Build configuration list for PBXNativeTarget "EssentialFeedTests" */ = {
			isa = XCConfigurationList;
			buildConfigurations = (
				B904BA532551A6C900FAFA5C /* Debug */,
				B904BA542551A6C900FAFA5C /* Release */,
			);
			defaultConfigurationIsVisible = 0;
			defaultConfigurationName = Release;
		};
		B9EAD196255454C6005AFB8B /* Build configuration list for PBXNativeTarget "EssentialFeedAPIEndToEndTests" */ = {
			isa = XCConfigurationList;
			buildConfigurations = (
				B9EAD194255454C6005AFB8B /* Debug */,
				B9EAD195255454C6005AFB8B /* Release */,
			);
			defaultConfigurationIsVisible = 0;
			defaultConfigurationName = Release;
		};
/* End XCConfigurationList section */
	};
	rootObject = B904BA322551A6C900FAFA5C /* Project object */;
}
